
Microsoft Visual Studio Solution File, Format Version 12.00
# Visual Studio Version 17
VisualStudioVersion = 17.5.33424.131
MinimumVisualStudioVersion = 10.0.40219.1
Project("{8BC9CEB8-8B4A-11D0-8D11-00A0C91BC942}") = "ParadigmaOOP2", "ParadigmaOOP2\ParadigmaOOP2.vcxproj", "{FDD03AC4-E396-4DC7-B9C7-BCB9B8F444F2}"
EndProject
Project("{8BC9CEB8-8B4A-11D0-8D11-00A0C91BC942}") = "solveMultiwaris", "solveMultiwaris\solveMultiwaris.vcxproj", "{D8508C45-8078-413A-9ADE-89386247E3F0}"
EndProject
Project("{8BC9CEB8-8B4A-11D0-8D11-00A0C91BC942}") = "Polymorphism", "Polymorphism\Polymorphism.vcxproj", "{FB724B44-EADD-4CF9-A365-2CF8E80213EE}"
EndProject
Global
	GlobalSection(SolutionConfigurationPlatforms) = preSolution
		Debug|x64 = Debug|x64
		Debug|x86 = Debug|x86
		Release|x64 = Release|x64
		Release|x86 = Release|x86
	EndGlobalSection
	GlobalSection(ProjectConfigurationPlatforms) = postSolution
		{FDD03AC4-E396-4DC7-B9C7-BCB9B8F444F2}.Debug|x64.ActiveCfg = Debug|x64
		{FDD03AC4-E396-4DC7-B9C7-BCB9B8F444F2}.Debug|x64.Build.0 = Debug|x64
		{FDD03AC4-E396-4DC7-B9C7-BCB9B8F444F2}.Debug|x86.ActiveCfg = Debug|Win32
		{FDD03AC4-E396-4DC7-B9C7-BCB9B8F444F2}.Debug|x86.Build.0 = Debug|Win32
		{FDD03AC4-E396-4DC7-B9C7-BCB9B8F444F2}.Release|x64.ActiveCfg = Release|x64
		{FDD03AC4-E396-4DC7-B9C7-BCB9B8F444F2}.Release|x64.Build.0 = Release|x64
		{FDD03AC4-E396-4DC7-B9C7-BCB9B8F444F2}.Release|x86.ActiveCfg = Release|Win32
		{FDD03AC4-E396-4DC7-B9C7-BCB9B8F444F2}.Release|x86.Build.0 = Release|Win32
		{D8508C45-8078-413A-9ADE-89386247E3F0}.Debug|x64.ActiveCfg = Debug|x64
		{D8508C45-8078-413A-9ADE-89386247E3F0}.Debug|x64.Build.0 = Debug|x64
		{D8508C45-8078-413A-9ADE-89386247E3F0}.Debug|x86.ActiveCfg = Debug|Win32
		{D8508C45-8078-413A-9ADE-89386247E3F0}.Debug|x86.Build.0 = Debug|Win32
		{D8508C45-8078-413A-9ADE-89386247E3F0}.Release|x64.ActiveCfg = Release|x64
		{D8508C45-8078-413A-9ADE-89386247E3F0}.Release|x64.Build.0 = Release|x64
		{D8508C45-8078-413A-9ADE-89386247E3F0}.Release|x86.ActiveCfg = Release|Win32
		{D8508C45-8078-413A-9ADE-89386247E3F0}.Release|x86.Build.0 = Release|Win32
		{FB724B44-EADD-4CF9-A365-2CF8E80213EE}.Debug|x64.ActiveCfg = Debug|x64
		{FB724B44-EADD-4CF9-A365-2CF8E80213EE}.Debug|x64.Build.0 = Debug|x64
		{FB724B44-EADD-4CF9-A365-2CF8E80213EE}.Debug|x86.ActiveCfg = Debug|Win32
		{FB724B44-EADD-4CF9-A365-2CF8E80213EE}.Debug|x86.Build.0 = Debug|Win32
		{FB724B44-EADD-4CF9-A365-2CF8E80213EE}.Release|x64.ActiveCfg = Release|x64
		{FB724B44-EADD-4CF9-A365-2CF8E80213EE}.Release|x64.Build.0 = Release|x64
		{FB724B44-EADD-4CF9-A365-2CF8E80213EE}.Release|x86.ActiveCfg = Release|Win32
		{FB724B44-EADD-4CF9-A365-2CF8E80213EE}.Release|x86.Build.0 = Release|Win32
	EndGlobalSection
	GlobalSection(SolutionProperties) = preSolution
		HideSolutionNode = FALSE
	EndGlobalSection
	GlobalSection(ExtensibilityGlobals) = postSolution
		SolutionGuid = {D6A43CB1-B907-45DD-AC4E-957D830B0C93}
	EndGlobalSection
EndGlobal
